{
  "lockfile_version": "1",
  "packages": {
    "codex@latest": {
      "last_modified": "2025-06-20T02:24:11Z",
      "resolved": "github:NixOS/nixpkgs/076e8c6678d8c54204abcb4b1b14c366835a58bb#codex",
      "source": "devbox-search",
      "version": "0.1.2504301751",
      "systems": {
        "aarch64-darwin": {
          "outputs": [
            {
              "name": "out",
              "path": "/nix/store/fkyy91p722hsdl6jyzhvagy9k0bjyys9-codex-0.1.2504301751",
              "default": true
            }
          ],
          "store_path": "/nix/store/fkyy91p722hsdl6jyzhvagy9k0bjyys9-codex-0.1.2504301751"
        },
        "aarch64-linux": {
          "outputs": [
            {
              "name": "out",
              "path": "/nix/store/s9mlrkp6z1qm7n175sl447m6gyvpnz8i-codex-0.1.2504301751",
              "default": true
            }
          ],
          "store_path": "/nix/store/s9mlrkp6z1qm7n175sl447m6gyvpnz8i-codex-0.1.2504301751"
        },
        "x86_64-darwin": {
          "outputs": [
            {
              "name": "out",
              "path": "/nix/store/a622m7n9c15asz6w1vp67l112dakywzx-codex-0.1.2504301751",
              "default": true
            }
          ],
          "store_path": "/nix/store/a622m7n9c15asz6w1vp67l112dakywzx-codex-0.1.2504301751"
        },
        "x86_64-linux": {
          "outputs": [
            {
              "name": "out",
              "path": "/nix/store/yby1xx6fc0li69wdjfq8ajbh7s0v4509-codex-0.1.2504301751",
              "default": true
            }
          ],
          "store_path": "/nix/store/yby1xx6fc0li69wdjfq8ajbh7s0v4509-codex-0.1.2504301751"
        }
      }
    },
    "devcontainer@latest": {
      "last_modified": "2025-06-20T02:24:11Z",
      "resolved": "github:NixOS/nixpkgs/076e8c6678d8c54204abcb4b1b14c366835a58bb#devcontainer",
      "source": "devbox-search",
      "version": "0.77.0",
      "systems": {
        "aarch64-darwin": {
          "outputs": [
            {
              "name": "out",
              "path": "/nix/store/s7mjb304i1gx8gh4lm6b3620793bh74p-devcontainer-0.77.0",
              "default": true
            }
          ],
          "store_path": "/nix/store/s7mjb304i1gx8gh4lm6b3620793bh74p-devcontainer-0.77.0"
        },
        "aarch64-linux": {
          "outputs": [
            {
              "name": "out",
              "path": "/nix/store/rs69xz66k7wshpa5hpll6crskn7bhiaq-devcontainer-0.77.0",
              "default": true
            }
          ],
          "store_path": "/nix/store/rs69xz66k7wshpa5hpll6crskn7bhiaq-devcontainer-0.77.0"
        },
        "x86_64-darwin": {
          "outputs": [
            {
              "name": "out",
              "path": "/nix/store/p6zbpx7c7v97jw90x9ry0h085s6j4k7p-devcontainer-0.77.0",
              "default": true
            }
          ],
          "store_path": "/nix/store/p6zbpx7c7v97jw90x9ry0h085s6j4k7p-devcontainer-0.77.0"
        },
        "x86_64-linux": {
          "outputs": [
            {
              "name": "out",
              "path": "/nix/store/h3i17nlg38babxg0q0s62sv9wyx5w512-devcontainer-0.77.0",
              "default": true
            }
          ],
          "store_path": "/nix/store/h3i17nlg38babxg0q0s62sv9wyx5w512-devcontainer-0.77.0"
        }
      }
    },
    "github:NixOS/nixpkgs/nixpkgs-unstable": {
      "last_modified": "2025-06-25T15:38:15Z",
      "resolved": "github:NixOS/nixpkgs/61c0f513911459945e2cb8bf333dc849f1b976ff?lastModified=1750865895&narHash=sha256-p2dWAQcLVzquy9LxYCZPwyUdugw78Qv3ChvnX755qHA%3D"
    }
  }
}
